
Microsoft Visual Studio Solution File, Format Version 12.00
# Visual Studio Version 17
VisualStudioVersion = 17.2.32526.322
MinimumVisualStudioVersion = 10.0.40219.1
Project("{2150E333-8FDC-42A3-9474-1A3956D46DE8}") = "src", "src", "{BFEDAF09-08D0-463B-9922-8D90085D92FF}"
EndProject
Project("{2150E333-8FDC-42A3-9474-1A3956D46DE8}") = "test", "test", "{F6F6AA0B-F5E0-496C-A763-48ADC3542836}"
EndProject
Project("{2150E333-8FDC-42A3-9474-1A3956D46DE8}") = "Solution Items", "Solution Items", "{BE246BD2-629F-47BA-91C9-61B3EA8FEE7F}"
	ProjectSection(SolutionItems) = preProject
		.editorconfig = .editorconfig
	EndProjectSection
EndProject
Project("{9A19103F-16F7-4668-BE54-9A1E7A4F7556}") = "DrillSergeant", "src\DrillSergeant\DrillSergeant.csproj", "{BA4C64F7-2155-438B-8AF5-1EDF7A273189}"
EndProject
Project("{9A19103F-16F7-4668-BE54-9A1E7A4F7556}") = "DrillSergeant.Tests", "test\DrillSergeant.Tests\DrillSergeant.Tests.csproj", "{B1019442-4A52-4274-8C3E-11296123C884}"
EndProject
Global
	GlobalSection(SolutionConfigurationPlatforms) = preSolution
		Debug|Any CPU = Debug|Any CPU
		Release|Any CPU = Release|Any CPU
	EndGlobalSection
	GlobalSection(ProjectConfigurationPlatforms) = postSolution
		{BA4C64F7-2155-438B-8AF5-1EDF7A273189}.Debug|Any CPU.ActiveCfg = Debug|Any CPU
		{BA4C64F7-2155-438B-8AF5-1EDF7A273189}.Debug|Any CPU.Build.0 = Debug|Any CPU
		{BA4C64F7-2155-438B-8AF5-1EDF7A273189}.Release|Any CPU.ActiveCfg = Release|Any CPU
		{BA4C64F7-2155-438B-8AF5-1EDF7A273189}.Release|Any CPU.Build.0 = Release|Any CPU
		{B1019442-4A52-4274-8C3E-11296123C884}.Debug|Any CPU.ActiveCfg = Debug|Any CPU
		{B1019442-4A52-4274-8C3E-11296123C884}.Debug|Any CPU.Build.0 = Debug|Any CPU
		{B1019442-4A52-4274-8C3E-11296123C884}.Release|Any CPU.ActiveCfg = Release|Any CPU
		{B1019442-4A52-4274-8C3E-11296123C884}.Release|Any CPU.Build.0 = Release|Any CPU
	EndGlobalSection
	GlobalSection(SolutionProperties) = preSolution
		HideSolutionNode = FALSE
	EndGlobalSection
	GlobalSection(NestedProjects) = preSolution
		{BA4C64F7-2155-438B-8AF5-1EDF7A273189} = {BFEDAF09-08D0-463B-9922-8D90085D92FF}
		{B1019442-4A52-4274-8C3E-11296123C884} = {F6F6AA0B-F5E0-496C-A763-48ADC3542836}
	EndGlobalSection
	GlobalSection(ExtensibilityGlobals) = postSolution
		SolutionGuid = {35E642DB-4DFA-4054-B035-03F437C3F8BD}
	EndGlobalSection
EndGlobal
